<?xml version="1.0" encoding="utf-8"?>
<Project ToolsVersion="4.0" xmlns="http://schemas.microsoft.com/developer/msbuild/2003">
  <ItemGroup>
    <Filter Include="Source Files">
      <UniqueIdentifier>{4FC737F1-C7A5-4376-A066-2A32D752A2FF}</UniqueIdentifier>
      <Extensions>cpp;c;cc;cxx;def;odl;idl;hpj;bat;asm;asmx</Extensions>
    </Filter>
    <Filter Include="Shaders">
      <UniqueIdentifier>{c2ee1dbd-552b-44a4-8fc6-dcdd0a4b4869}</UniqueIdentifier>
    </Filter>
  </ItemGroup>
  <ItemGroup>
    <ClCompile Include="main.cpp">
      <Filter>Source Files</Filter>
    </ClCompile>
    <ClCompile Include="display.cpp">
      <Filter>Source Files</Filter>
    </ClCompile>
    <ClCompile Include="shader.cpp">
      <Filter>Source Files</Filter>
    </ClCompile>
    <ClCompile Include="mesh.cpp">
      <Filter>Source Files</Filter>
    </ClCompile>
    <ClCompile Include="texture.cpp">
      <Filter>Source Files</Filter>
    </ClCompile>
  </ItemGroup>
  <ItemGroup>
    <ClInclude Include="display.h" />
    <ClInclude Include="shader.h" />
    <ClInclude Include="mesh.h" />
    <ClInclude Include="stb_image.h" />
    <ClInclude Include="texture.h" />
    <ClInclude Include="transform.h" />
    <ClInclude Include="camera.h" />
  </ItemGroup>
  <ItemGroup>
    <None Include="res\basicShader.fsh">
      <Filter>Shaders</Filter>
    </None>
    <None Include="res\basicShader.vsh">
      <Filter>Shaders</Filter>
    </None>
  </ItemGroup>
</Project>